PODS:
  - FlutterMacOS (1.0.0)
  - sign_in_with_apple (0.0.1):
    - FlutterMacOS
  - stillora_video_engine (0.0.1):
    - FlutterMacOS

DEPENDENCIES:
  - FlutterMacOS (from `Flutter/ephemeral`)
  - sign_in_with_apple (from `Flutter/ephemeral/.symlinks/plugins/sign_in_with_apple/macos`)
  - stillora_video_engine (from `Flutter/ephemeral/.symlinks/plugins/stillora_video_engine/macos`)

EXTERNAL SOURCES:
  FlutterMacOS:
    :path: Flutter/ephemeral
  sign_in_with_apple:
    :path: Flutter/ephemeral/.symlinks/plugins/sign_in_with_apple/macos
  stillora_video_engine:
    :path: Flutter/ephemeral/.symlinks/plugins/stillora_video_engine/macos

SPEC CHECKSUMS:
  FlutterMacOS: d0db08ddef1a9af05a5ec4b724367152bb0500b1
  sign_in_with_apple: a9e97e744e8edc36aefc2723111f652102a7a727
  stillora_video_engine: 4c1e2d41b8ded1e2a786b7d2c12e96e0ef253324

PODFILE CHECKSUM: c0ca508e6a478b9edb6151f1961cdc72634da78d

COCOAPODS: 1.17.0
