PODS:
  - Flutter (1.0.0)
  - sign_in_with_apple (0.0.1):
    - Flutter
  - stillora_video_engine (0.0.1):
    - Flutter

DEPENDENCIES:
  - Flutter (from `Flutter`)
  - sign_in_with_apple (from `.symlinks/plugins/sign_in_with_apple/ios`)
  - stillora_video_engine (from `.symlinks/plugins/stillora_video_engine/ios`)

EXTERNAL SOURCES:
  Flutter:
    :path: Flutter
  sign_in_with_apple:
    :path: ".symlinks/plugins/sign_in_with_apple/ios"
  stillora_video_engine:
    :path: ".symlinks/plugins/stillora_video_engine/ios"

SPEC CHECKSUMS:
  Flutter: cabc95a1d2626b1b06e7179b784ebcf0c0cde467
  sign_in_with_apple: f3bf75217ea4c2c8b91823f225d70230119b8440
  stillora_video_engine: d76323387a8e183df2edb06b1f4350d931a5a5e9

PODFILE CHECKSUM: aa71729381eb9b97054bd10b613e20593be686c6

COCOAPODS: 1.11.3
