PODS:
  - Flutter (1.0.0)
  - sign_in_with_apple (0.0.1):
    - Flutter
  - stillora_video_engine (0.0.1):
    - Flutter

DEPENDENCIES:
  - Flutter (from `Flutter`)
  - sign_in_with_apple (from `.symlinks/plugins/sign_in_with_apple/ios`)
  - stillora_video_engine (from `.symlinks/plugins/stillora_video_engine/ios`)

EXTERNAL SOURCES:
  Flutter:
    :path: Flutter
  sign_in_with_apple:
    :path: ".symlinks/plugins/sign_in_with_apple/ios"
  stillora_video_engine:
    :path: ".symlinks/plugins/stillora_video_engine/ios"

SPEC CHECKSUMS:
  Flutter: cabc95a1d2626b1b06e7179b784ebcf0c0cde467
  sign_in_with_apple: c5dcc141574c8c54d5ac99dd2163c0c72ad22418
  stillora_video_engine: 12745c65e5919fda7345046264ea66e9a0a6fc5c

PODFILE CHECKSUM: 2ac71580d38a34afb3243eeefdc0da5ab2fb8526

COCOAPODS: 1.16.2
